
Microsoft Visual Studio Solution File, Format Version 12.00
# Visual Studio Version 16
VisualStudioVersion = 16.0.29728.190
MinimumVisualStudioVersion = 10.0.40219.1
Project("{FAE04EC0-301F-11D3-BF4B-00C04F79EFBC}") = "ch14_SE1315_01", "ch14_SE1315_01\ch14_SE1315_01.csproj", "{AEBB8F17-1789-45B8-8A83-1EC5B43CB200}"
EndProject
Global
	GlobalSection(SolutionConfigurationPlatforms) = preSolution
		Debug|Any CPU = Debug|Any CPU
		Release|Any CPU = Release|Any CPU
	EndGlobalSection
	GlobalSection(ProjectConfigurationPlatforms) = postSolution
		{AEBB8F17-1789-45B8-8A83-1EC5B43CB200}.Debug|Any CPU.ActiveCfg = Debug|Any CPU
		{AEBB8F17-1789-45B8-8A83-1EC5B43CB200}.Debug|Any CPU.Build.0 = Debug|Any CPU
		{AEBB8F17-1789-45B8-8A83-1EC5B43CB200}.Release|Any CPU.ActiveCfg = Release|Any CPU
		{AEBB8F17-1789-45B8-8A83-1EC5B43CB200}.Release|Any CPU.Build.0 = Release|Any CPU
	EndGlobalSection
	GlobalSection(SolutionProperties) = preSolution
		HideSolutionNode = FALSE
	EndGlobalSection
	GlobalSection(ExtensibilityGlobals) = postSolution
		SolutionGuid = {58102B34-6970-49F1-94B2-6B9DEDEC5E01}
	EndGlobalSection
EndGlobal
