
Microsoft Visual Studio Solution File, Format Version 9.00
# Visual Studio 2005
Project("{FAE04EC0-301F-11D3-BF4B-00C04F79EFBC}") = "XLinqBasics", "XLinqBasics.csproj", "{8397A34E-B1E5-47CB-9D3A-1F1585912689}"
EndProject
Global
	GlobalSection(SolutionConfigurationPlatforms) = preSolution
		Debug|Any CPU = Debug|Any CPU
		Release|Any CPU = Release|Any CPU
	EndGlobalSection
	GlobalSection(ProjectConfigurationPlatforms) = postSolution
		{8397A34E-B1E5-47CB-9D3A-1F1585912689}.Debug|Any CPU.ActiveCfg = Debug|Any CPU
		{8397A34E-B1E5-47CB-9D3A-1F1585912689}.Debug|Any CPU.Build.0 = Debug|Any CPU
		{8397A34E-B1E5-47CB-9D3A-1F1585912689}.Release|Any CPU.ActiveCfg = Release|Any CPU
		{8397A34E-B1E5-47CB-9D3A-1F1585912689}.Release|Any CPU.Build.0 = Release|Any CPU
	EndGlobalSection
	GlobalSection(SolutionProperties) = preSolution
		HideSolutionNode = FALSE
	EndGlobalSection
EndGlobal
