
Microsoft Visual Studio Solution File, Format Version 12.00
# Visual Studio Version 16
VisualStudioVersion = 16.0.29728.190
MinimumVisualStudioVersion = 10.0.40219.1
Project("{FAE04EC0-301F-11D3-BF4B-00C04F79EFBC}") = "BinaryWriterReaderApp", "BinaryWriterReaderApp.csproj", "{99EEEF5F-C81F-4614-86DE-41A1EF49F8C6}"
EndProject
Global
	GlobalSection(SolutionConfigurationPlatforms) = preSolution
		Debug|Any CPU = Debug|Any CPU
		Release|Any CPU = Release|Any CPU
	EndGlobalSection
	GlobalSection(ProjectConfigurationPlatforms) = postSolution
		{99EEEF5F-C81F-4614-86DE-41A1EF49F8C6}.Debug|Any CPU.ActiveCfg = Debug|Any CPU
		{99EEEF5F-C81F-4614-86DE-41A1EF49F8C6}.Debug|Any CPU.Build.0 = Debug|Any CPU
		{99EEEF5F-C81F-4614-86DE-41A1EF49F8C6}.Release|Any CPU.ActiveCfg = Release|Any CPU
		{99EEEF5F-C81F-4614-86DE-41A1EF49F8C6}.Release|Any CPU.Build.0 = Release|Any CPU
	EndGlobalSection
	GlobalSection(SolutionProperties) = preSolution
		HideSolutionNode = FALSE
	EndGlobalSection
	GlobalSection(ExtensibilityGlobals) = postSolution
		SolutionGuid = {CC3C5F65-4757-4AA8-97DF-1F84F2900A96}
	EndGlobalSection
EndGlobal
