
Microsoft Visual Studio Solution File, Format Version 9.00
# Visual Studio 2005
Project("{FAE04EC0-301F-11D3-BF4B-00C04F79EFBC}") = "LinqOverArray", "LinqOverArray.csproj", "{95B4D293-F262-497F-B829-75D876ACA0FD}"
EndProject
Global
	GlobalSection(SolutionConfigurationPlatforms) = preSolution
		Debug|Any CPU = Debug|Any CPU
		Release|Any CPU = Release|Any CPU
	EndGlobalSection
	GlobalSection(ProjectConfigurationPlatforms) = postSolution
		{95B4D293-F262-497F-B829-75D876ACA0FD}.Debug|Any CPU.ActiveCfg = Debug|Any CPU
		{95B4D293-F262-497F-B829-75D876ACA0FD}.Debug|Any CPU.Build.0 = Debug|Any CPU
		{95B4D293-F262-497F-B829-75D876ACA0FD}.Release|Any CPU.ActiveCfg = Release|Any CPU
		{95B4D293-F262-497F-B829-75D876ACA0FD}.Release|Any CPU.Build.0 = Release|Any CPU
	EndGlobalSection
	GlobalSection(SolutionProperties) = preSolution
		HideSolutionNode = FALSE
	EndGlobalSection
EndGlobal
