
Microsoft Visual Studio Solution File, Format Version 12.00
# Visual Studio 15
VisualStudioVersion = 15.0.28307.1000
MinimumVisualStudioVersion = 10.0.40219.1
Project("{FAE04EC0-301F-11D3-BF4B-00C04F79EFBC}") = "ch7_SE1315_01", "ch7_SE1315_01\ch7_SE1315_01.csproj", "{E4FA4108-23E8-4D86-B5EA-99DEEC38EFAD}"
EndProject
Global
	GlobalSection(SolutionConfigurationPlatforms) = preSolution
		Debug|Any CPU = Debug|Any CPU
		Release|Any CPU = Release|Any CPU
	EndGlobalSection
	GlobalSection(ProjectConfigurationPlatforms) = postSolution
		{E4FA4108-23E8-4D86-B5EA-99DEEC38EFAD}.Debug|Any CPU.ActiveCfg = Debug|Any CPU
		{E4FA4108-23E8-4D86-B5EA-99DEEC38EFAD}.Debug|Any CPU.Build.0 = Debug|Any CPU
		{E4FA4108-23E8-4D86-B5EA-99DEEC38EFAD}.Release|Any CPU.ActiveCfg = Release|Any CPU
		{E4FA4108-23E8-4D86-B5EA-99DEEC38EFAD}.Release|Any CPU.Build.0 = Release|Any CPU
	EndGlobalSection
	GlobalSection(SolutionProperties) = preSolution
		HideSolutionNode = FALSE
	EndGlobalSection
	GlobalSection(ExtensibilityGlobals) = postSolution
		SolutionGuid = {1810D841-F72E-4B3E-94EA-6C1BBAE7ABCB}
	EndGlobalSection
EndGlobal
