
Microsoft Visual Studio Solution File, Format Version 9.00
# Visual Studio 2005
Project("{FAE04EC0-301F-11D3-BF4B-00C04F79EFBC}") = "MyExtensionsLibrary", "MyExtensionsLibrary.csproj", "{564FCABD-6A95-4C1C-A13E-04466A6EA330}"
EndProject
Project("{FAE04EC0-301F-11D3-BF4B-00C04F79EFBC}") = "MyExtnesionsLibraryClient", "..\MyExtnesionsLibraryClient\MyExtnesionsLibraryClient.csproj", "{AC5CD991-BD18-4086-9E17-18884826BC0D}"
EndProject
Global
	GlobalSection(SolutionConfigurationPlatforms) = preSolution
		Debug|Any CPU = Debug|Any CPU
		Release|Any CPU = Release|Any CPU
	EndGlobalSection
	GlobalSection(ProjectConfigurationPlatforms) = postSolution
		{564FCABD-6A95-4C1C-A13E-04466A6EA330}.Debug|Any CPU.ActiveCfg = Debug|Any CPU
		{564FCABD-6A95-4C1C-A13E-04466A6EA330}.Debug|Any CPU.Build.0 = Debug|Any CPU
		{564FCABD-6A95-4C1C-A13E-04466A6EA330}.Release|Any CPU.ActiveCfg = Release|Any CPU
		{564FCABD-6A95-4C1C-A13E-04466A6EA330}.Release|Any CPU.Build.0 = Release|Any CPU
		{AC5CD991-BD18-4086-9E17-18884826BC0D}.Debug|Any CPU.ActiveCfg = Debug|Any CPU
		{AC5CD991-BD18-4086-9E17-18884826BC0D}.Debug|Any CPU.Build.0 = Debug|Any CPU
		{AC5CD991-BD18-4086-9E17-18884826BC0D}.Release|Any CPU.ActiveCfg = Release|Any CPU
		{AC5CD991-BD18-4086-9E17-18884826BC0D}.Release|Any CPU.Build.0 = Release|Any CPU
	EndGlobalSection
	GlobalSection(SolutionProperties) = preSolution
		HideSolutionNode = FALSE
	EndGlobalSection
EndGlobal
