
Microsoft Visual Studio Solution File, Format Version 12.00
# Visual Studio Version 16
VisualStudioVersion = 16.0.29728.190
MinimumVisualStudioVersion = 10.0.40219.1
Project("{FAE04EC0-301F-11D3-BF4B-00C04F79EFBC}") = "ch16_SE1315_01", "ch16_SE1315_01\ch16_SE1315_01.csproj", "{6A20095F-4E2A-483F-B828-9473567EBA4B}"
EndProject
Global
	GlobalSection(SolutionConfigurationPlatforms) = preSolution
		Debug|Any CPU = Debug|Any CPU
		Release|Any CPU = Release|Any CPU
	EndGlobalSection
	GlobalSection(ProjectConfigurationPlatforms) = postSolution
		{6A20095F-4E2A-483F-B828-9473567EBA4B}.Debug|Any CPU.ActiveCfg = Debug|Any CPU
		{6A20095F-4E2A-483F-B828-9473567EBA4B}.Debug|Any CPU.Build.0 = Debug|Any CPU
		{6A20095F-4E2A-483F-B828-9473567EBA4B}.Release|Any CPU.ActiveCfg = Release|Any CPU
		{6A20095F-4E2A-483F-B828-9473567EBA4B}.Release|Any CPU.Build.0 = Release|Any CPU
	EndGlobalSection
	GlobalSection(SolutionProperties) = preSolution
		HideSolutionNode = FALSE
	EndGlobalSection
	GlobalSection(ExtensibilityGlobals) = postSolution
		SolutionGuid = {DD2D7148-22BC-4766-A124-D0BAEB6127B7}
	EndGlobalSection
EndGlobal
