
Microsoft Visual Studio Solution File, Format Version 12.00
# Visual Studio Version 16
VisualStudioVersion = 16.0.29728.190
MinimumVisualStudioVersion = 10.0.40219.1
Project("{FAE04EC0-301F-11D3-BF4B-00C04F79EFBC}") = "Group6_Lab4", "Group6_Lab4\Group6_Lab4.csproj", "{1EEBDD3F-2F56-4190-B30F-F2A2B121E744}"
EndProject
Global
	GlobalSection(SolutionConfigurationPlatforms) = preSolution
		Debug|Any CPU = Debug|Any CPU
		Release|Any CPU = Release|Any CPU
	EndGlobalSection
	GlobalSection(ProjectConfigurationPlatforms) = postSolution
		{1EEBDD3F-2F56-4190-B30F-F2A2B121E744}.Debug|Any CPU.ActiveCfg = Debug|Any CPU
		{1EEBDD3F-2F56-4190-B30F-F2A2B121E744}.Debug|Any CPU.Build.0 = Debug|Any CPU
		{1EEBDD3F-2F56-4190-B30F-F2A2B121E744}.Release|Any CPU.ActiveCfg = Release|Any CPU
		{1EEBDD3F-2F56-4190-B30F-F2A2B121E744}.Release|Any CPU.Build.0 = Release|Any CPU
	EndGlobalSection
	GlobalSection(SolutionProperties) = preSolution
		HideSolutionNode = FALSE
	EndGlobalSection
	GlobalSection(ExtensibilityGlobals) = postSolution
		SolutionGuid = {A2EE3F24-46D6-41DF-BF68-103067A237CD}
	EndGlobalSection
EndGlobal
