
Microsoft Visual Studio Solution File, Format Version 12.00
# Visual Studio Version 16
VisualStudioVersion = 16.0.29519.87
MinimumVisualStudioVersion = 10.0.40219.1
Project("{FAE04EC0-301F-11D3-BF4B-00C04F79EFBC}") = "ch3_SE1315_03", "ch3_SE1315_03\ch3_SE1315_03.csproj", "{97CDED45-BBC5-4D0E-9844-A43EBEC0F45E}"
EndProject
Global
	GlobalSection(SolutionConfigurationPlatforms) = preSolution
		Debug|Any CPU = Debug|Any CPU
		Release|Any CPU = Release|Any CPU
	EndGlobalSection
	GlobalSection(ProjectConfigurationPlatforms) = postSolution
		{97CDED45-BBC5-4D0E-9844-A43EBEC0F45E}.Debug|Any CPU.ActiveCfg = Debug|Any CPU
		{97CDED45-BBC5-4D0E-9844-A43EBEC0F45E}.Debug|Any CPU.Build.0 = Debug|Any CPU
		{97CDED45-BBC5-4D0E-9844-A43EBEC0F45E}.Release|Any CPU.ActiveCfg = Release|Any CPU
		{97CDED45-BBC5-4D0E-9844-A43EBEC0F45E}.Release|Any CPU.Build.0 = Release|Any CPU
	EndGlobalSection
	GlobalSection(SolutionProperties) = preSolution
		HideSolutionNode = FALSE
	EndGlobalSection
	GlobalSection(ExtensibilityGlobals) = postSolution
		SolutionGuid = {B2BE1999-0ACB-4F7E-A955-FB469AED2E59}
	EndGlobalSection
EndGlobal
