
Microsoft Visual Studio Solution File, Format Version 12.00
# Visual Studio Version 16
VisualStudioVersion = 16.0.29613.14
MinimumVisualStudioVersion = 10.0.40219.1
Project("{FAE04EC0-301F-11D3-BF4B-00C04F79EFBC}") = "HE130510_HuyNguyen_Lab1", "Lab_1\HE130510_HuyNguyen_Lab1.csproj", "{E003F0ED-B765-4A57-8BA5-4173D40C2BC8}"
EndProject
Global
	GlobalSection(SolutionConfigurationPlatforms) = preSolution
		Debug|Any CPU = Debug|Any CPU
		Release|Any CPU = Release|Any CPU
	EndGlobalSection
	GlobalSection(ProjectConfigurationPlatforms) = postSolution
		{E003F0ED-B765-4A57-8BA5-4173D40C2BC8}.Debug|Any CPU.ActiveCfg = Debug|Any CPU
		{E003F0ED-B765-4A57-8BA5-4173D40C2BC8}.Debug|Any CPU.Build.0 = Debug|Any CPU
		{E003F0ED-B765-4A57-8BA5-4173D40C2BC8}.Release|Any CPU.ActiveCfg = Release|Any CPU
		{E003F0ED-B765-4A57-8BA5-4173D40C2BC8}.Release|Any CPU.Build.0 = Release|Any CPU
	EndGlobalSection
	GlobalSection(SolutionProperties) = preSolution
		HideSolutionNode = FALSE
	EndGlobalSection
	GlobalSection(ExtensibilityGlobals) = postSolution
		SolutionGuid = {AABC73A3-1428-4C48-968E-9709933A4E96}
	EndGlobalSection
EndGlobal
