
Microsoft Visual Studio Solution File, Format Version 12.00
# Visual Studio Version 16
VisualStudioVersion = 16.0.29728.190
MinimumVisualStudioVersion = 10.0.40219.1
Project("{FAE04EC0-301F-11D3-BF4B-00C04F79EFBC}") = "ch25_se1315_01", "ch25_se1315_01\ch25_se1315_01.csproj", "{829D0956-9F16-4001-8E9A-34B2B47F238F}"
EndProject
Global
	GlobalSection(SolutionConfigurationPlatforms) = preSolution
		Debug|Any CPU = Debug|Any CPU
		Release|Any CPU = Release|Any CPU
	EndGlobalSection
	GlobalSection(ProjectConfigurationPlatforms) = postSolution
		{829D0956-9F16-4001-8E9A-34B2B47F238F}.Debug|Any CPU.ActiveCfg = Debug|Any CPU
		{829D0956-9F16-4001-8E9A-34B2B47F238F}.Debug|Any CPU.Build.0 = Debug|Any CPU
		{829D0956-9F16-4001-8E9A-34B2B47F238F}.Release|Any CPU.ActiveCfg = Release|Any CPU
		{829D0956-9F16-4001-8E9A-34B2B47F238F}.Release|Any CPU.Build.0 = Release|Any CPU
	EndGlobalSection
	GlobalSection(SolutionProperties) = preSolution
		HideSolutionNode = FALSE
	EndGlobalSection
	GlobalSection(ExtensibilityGlobals) = postSolution
		SolutionGuid = {9A104115-ABFA-43AF-97F5-1E5FB74BB397}
	EndGlobalSection
EndGlobal
