
Microsoft Visual Studio Solution File, Format Version 12.00
# Visual Studio Version 16
VisualStudioVersion = 16.0.29613.14
MinimumVisualStudioVersion = 10.0.40219.1
Project("{FAE04EC0-301F-11D3-BF4B-00C04F79EFBC}") = "ch19_se1315_01", "ch19_se1315_01\ch19_se1315_01.csproj", "{9E11B111-F85C-4E91-A32E-3AE556F526DB}"
EndProject
Global
	GlobalSection(SolutionConfigurationPlatforms) = preSolution
		Debug|Any CPU = Debug|Any CPU
		Release|Any CPU = Release|Any CPU
	EndGlobalSection
	GlobalSection(ProjectConfigurationPlatforms) = postSolution
		{9E11B111-F85C-4E91-A32E-3AE556F526DB}.Debug|Any CPU.ActiveCfg = Debug|Any CPU
		{9E11B111-F85C-4E91-A32E-3AE556F526DB}.Debug|Any CPU.Build.0 = Debug|Any CPU
		{9E11B111-F85C-4E91-A32E-3AE556F526DB}.Release|Any CPU.ActiveCfg = Release|Any CPU
		{9E11B111-F85C-4E91-A32E-3AE556F526DB}.Release|Any CPU.Build.0 = Release|Any CPU
	EndGlobalSection
	GlobalSection(SolutionProperties) = preSolution
		HideSolutionNode = FALSE
	EndGlobalSection
	GlobalSection(ExtensibilityGlobals) = postSolution
		SolutionGuid = {42941AC6-DF15-4E6C-B6BC-5EC6A2F514BA}
	EndGlobalSection
EndGlobal
