
Microsoft Visual Studio Solution File, Format Version 12.00
# Visual Studio Version 16
VisualStudioVersion = 16.0.29728.190
MinimumVisualStudioVersion = 10.0.40219.1
Project("{FAE04EC0-301F-11D3-BF4B-00C04F79EFBC}") = "ch23_se1315_01", "ch23_se1315_01\ch23_se1315_01.csproj", "{C93EF75A-C8ED-4CB2-95B3-BC79DFC4B57B}"
EndProject
Global
	GlobalSection(SolutionConfigurationPlatforms) = preSolution
		Debug|Any CPU = Debug|Any CPU
		Release|Any CPU = Release|Any CPU
	EndGlobalSection
	GlobalSection(ProjectConfigurationPlatforms) = postSolution
		{C93EF75A-C8ED-4CB2-95B3-BC79DFC4B57B}.Debug|Any CPU.ActiveCfg = Debug|Any CPU
		{C93EF75A-C8ED-4CB2-95B3-BC79DFC4B57B}.Debug|Any CPU.Build.0 = Debug|Any CPU
		{C93EF75A-C8ED-4CB2-95B3-BC79DFC4B57B}.Release|Any CPU.ActiveCfg = Release|Any CPU
		{C93EF75A-C8ED-4CB2-95B3-BC79DFC4B57B}.Release|Any CPU.Build.0 = Release|Any CPU
	EndGlobalSection
	GlobalSection(SolutionProperties) = preSolution
		HideSolutionNode = FALSE
	EndGlobalSection
	GlobalSection(ExtensibilityGlobals) = postSolution
		SolutionGuid = {C275805C-97C4-4B1E-9008-CD1BC7E81C8E}
	EndGlobalSection
EndGlobal
